{
    "version": 3,
    "terraform_version": "0.9.11",
    "serial": 1,
    "lineage": "f282ff1e-472e-47ae-90bd-1d1eff6de565",
    "modules": [
        {
            "path": [
                "root"
            ],
            "outputs": {},
            "resources": {
                "digitalocean_droplet.web.0": {
                    "type": "digitalocean_droplet",
                    "depends_on": [],
                    "primary": {
                        "id": "54204216",
                        "attributes": {
                            "disk": "20",
                            "id": "54204216",
                            "image": "ubuntu-16-04-x64",
                            "ipv4_address": "165.227.142.239",
                            "locked": "false",
                            "name": "tf-do-web-0",
                            "price_hourly": "0.00744",
                            "price_monthly": "5",
                            "region": "fra1",
                            "resize_disk": "true",
                            "size": "512mb",
                            "status": "active",
                            "tags.#": "0",
                            "vcpus": "1"
                        },
                        "meta": {},
                        "tainted": false
                    },
                    "deposed": [],
                    "provider": ""
                },
                "digitalocean_droplet.web.1": {
                    "type": "digitalocean_droplet",
                    "depends_on": [],
                    "primary": {
                        "id": "54204630",
                        "attributes": {
                            "disk": "20",
                            "id": "54204630",
                            "image": "ubuntu-16-04-x64",
                            "ipv4_address": "46.101.255.238",
                            "locked": "false",
                            "name": "tf-do-web-1",
                            "price_hourly": "0.00744",
                            "price_monthly": "5",
                            "region": "fra1",
                            "resize_disk": "true",
                            "size": "512mb",
                            "status": "active",
                            "tags.#": "0",
                            "vcpus": "1"
                        },
                        "meta": {},
                        "tainted": false
                    },
                    "deposed": [],
                    "provider": ""
                },
                "digitalocean_droplet.web.2": {
                    "type": "digitalocean_droplet",
                    "depends_on": [],
                    "primary": {
                        "id": "54204631",
                        "attributes": {
                            "disk": "20",
                            "id": "54204631",
                            "image": "ubuntu-16-04-x64",
                            "ipv4_address": "165.227.143.183",
                            "locked": "false",
                            "name": "tf-do-web-2",
                            "price_hourly": "0.00744",
                            "price_monthly": "5",
                            "region": "fra1",
                            "resize_disk": "true",
                            "size": "512mb",
                            "status": "active",
                            "tags.#": "0",
                            "vcpus": "1"
                        },
                        "meta": {},
                        "tainted": false
                    },
                    "deposed": [],
                    "provider": ""
                }
            },
            "depends_on": []
        }
    ]
}
